
Microsoft Visual Studio Solution File, Format Version 12.00
# Visual Studio 15
Project("{FAE04EC0-301F-11D3-BF4B-00C04F79EFBC}") = "UnityEngine.UI", "UnityEngine.UI.csproj", "{5F06F7F4-58C3-49E6-F26C-9779663F18ED}"
EndProject
Project("{FAE04EC0-301F-11D3-BF4B-00C04F79EFBC}") = "UnityEngine.TestRunner", "UnityEngine.TestRunner.csproj", "{2127B7D8-06C2-FF67-B3C0-DEDF4CC9649A}"
EndProject
Project("{FAE04EC0-301F-11D3-BF4B-00C04F79EFBC}") = "Unity.Timeline", "Unity.Timeline.csproj", "{D8C997F5-2C72-5BBC-2870-57AD2D32301A}"
EndProject
Project("{FAE04EC0-301F-11D3-BF4B-00C04F79EFBC}") = "Unity.TextMeshPro", "Unity.TextMeshPro.csproj", "{FC683FD5-7006-6651-859F-C1359D80F92A}"
EndProject
Project("{FAE04EC0-301F-11D3-BF4B-00C04F79EFBC}") = "Assembly-CSharp", "Assembly-CSharp.csproj", "{81853274-5752-D513-7142-DC49165B2B25}"
EndProject
Project("{FAE04EC0-301F-11D3-BF4B-00C04F79EFBC}") = "UnityEditor.TestRunner", "UnityEditor.TestRunner.csproj", "{AA50ABFE-7E82-94CD-3B2D-92D56CCD18E8}"
EndProject
Project("{FAE04EC0-301F-11D3-BF4B-00C04F79EFBC}") = "Unity.PlasticSCM.Editor", "Unity.PlasticSCM.Editor.csproj", "{73E7DBD1-AC7D-D005-DC10-EE4D49223F40}"
EndProject
Project("{FAE04EC0-301F-11D3-BF4B-00C04F79EFBC}") = "UnityEditor.UI", "UnityEditor.UI.csproj", "{AA1A93EF-CDD0-C68F-4AE3-CFD9182C6283}"
EndProject
Project("{FAE04EC0-301F-11D3-BF4B-00C04F79EFBC}") = "Unity.Services.Core.Editor", "Unity.Services.Core.Editor.csproj", "{BD921784-D015-9D93-1385-976E3758F41D}"
EndProject
Project("{FAE04EC0-301F-11D3-BF4B-00C04F79EFBC}") = "Unity.Timeline.Editor", "Unity.Timeline.Editor.csproj", "{CE1164A5-6F3D-F398-CDD8-C3D59C77695B}"
EndProject
Project("{FAE04EC0-301F-11D3-BF4B-00C04F79EFBC}") = "Unity.VisualStudio.Editor", "Unity.VisualStudio.Editor.csproj", "{8699C568-96C9-042D-EE37-0FA508219B40}"
EndProject
Project("{FAE04EC0-301F-11D3-BF4B-00C04F79EFBC}") = "Unity.TextMeshPro.Editor", "Unity.TextMeshPro.Editor.csproj", "{6C9C6EC8-F71C-978E-C2FF-7327EED3FAE3}"
EndProject
Project("{FAE04EC0-301F-11D3-BF4B-00C04F79EFBC}") = "Unity.CollabProxy.Editor", "Unity.CollabProxy.Editor.csproj", "{424B5F26-B9A3-6AF5-2B6C-A1962C4B18FD}"
EndProject
Project("{FAE04EC0-301F-11D3-BF4B-00C04F79EFBC}") = "Unity.Rider.Editor", "Unity.Rider.Editor.csproj", "{B904067E-ABEA-BAEA-43DF-8701912E5260}"
EndProject
Project("{FAE04EC0-301F-11D3-BF4B-00C04F79EFBC}") = "Unity.VSCode.Editor", "Unity.VSCode.Editor.csproj", "{8F85EA53-F403-D485-ABB4-1826AA92221A}"
EndProject
Global
	GlobalSection(SolutionConfigurationPlatforms) = preSolution
		Debug|Any CPU = Debug|Any CPU
		Release|Any CPU = Release|Any CPU
	EndGlobalSection
	GlobalSection(ProjectConfigurationPlatforms) = postSolution
		{5F06F7F4-58C3-49E6-F26C-9779663F18ED}.Debug|Any CPU.ActiveCfg = Debug|Any CPU
		{5F06F7F4-58C3-49E6-F26C-9779663F18ED}.Debug|Any CPU.Build.0 = Debug|Any CPU
		{5F06F7F4-58C3-49E6-F26C-9779663F18ED}.Release|Any CPU.ActiveCfg = Release|Any CPU
		{5F06F7F4-58C3-49E6-F26C-9779663F18ED}.Release|Any CPU.Build.0 = Release|Any CPU
		{2127B7D8-06C2-FF67-B3C0-DEDF4CC9649A}.Debug|Any CPU.ActiveCfg = Debug|Any CPU
		{2127B7D8-06C2-FF67-B3C0-DEDF4CC9649A}.Debug|Any CPU.Build.0 = Debug|Any CPU
		{2127B7D8-06C2-FF67-B3C0-DEDF4CC9649A}.Release|Any CPU.ActiveCfg = Release|Any CPU
		{2127B7D8-06C2-FF67-B3C0-DEDF4CC9649A}.Release|Any CPU.Build.0 = Release|Any CPU
		{D8C997F5-2C72-5BBC-2870-57AD2D32301A}.Debug|Any CPU.ActiveCfg = Debug|Any CPU
		{D8C997F5-2C72-5BBC-2870-57AD2D32301A}.Debug|Any CPU.Build.0 = Debug|Any CPU
		{D8C997F5-2C72-5BBC-2870-57AD2D32301A}.Release|Any CPU.ActiveCfg = Release|Any CPU
		{D8C997F5-2C72-5BBC-2870-57AD2D32301A}.Release|Any CPU.Build.0 = Release|Any CPU
		{FC683FD5-7006-6651-859F-C1359D80F92A}.Debug|Any CPU.ActiveCfg = Debug|Any CPU
		{FC683FD5-7006-6651-859F-C1359D80F92A}.Debug|Any CPU.Build.0 = Debug|Any CPU
		{FC683FD5-7006-6651-859F-C1359D80F92A}.Release|Any CPU.ActiveCfg = Release|Any CPU
		{FC683FD5-7006-6651-859F-C1359D80F92A}.Release|Any CPU.Build.0 = Release|Any CPU
		{81853274-5752-D513-7142-DC49165B2B25}.Debug|Any CPU.ActiveCfg = Debug|Any CPU
		{81853274-5752-D513-7142-DC49165B2B25}.Debug|Any CPU.Build.0 = Debug|Any CPU
		{81853274-5752-D513-7142-DC49165B2B25}.Release|Any CPU.ActiveCfg = Release|Any CPU
		{81853274-5752-D513-7142-DC49165B2B25}.Release|Any CPU.Build.0 = Release|Any CPU
		{AA50ABFE-7E82-94CD-3B2D-92D56CCD18E8}.Debug|Any CPU.ActiveCfg = Debug|Any CPU
		{AA50ABFE-7E82-94CD-3B2D-92D56CCD18E8}.Debug|Any CPU.Build.0 = Debug|Any CPU
		{AA50ABFE-7E82-94CD-3B2D-92D56CCD18E8}.Release|Any CPU.ActiveCfg = Release|Any CPU
		{AA50ABFE-7E82-94CD-3B2D-92D56CCD18E8}.Release|Any CPU.Build.0 = Release|Any CPU
		{73E7DBD1-AC7D-D005-DC10-EE4D49223F40}.Debug|Any CPU.ActiveCfg = Debug|Any CPU
		{73E7DBD1-AC7D-D005-DC10-EE4D49223F40}.Debug|Any CPU.Build.0 = Debug|Any CPU
		{73E7DBD1-AC7D-D005-DC10-EE4D49223F40}.Release|Any CPU.ActiveCfg = Release|Any CPU
		{73E7DBD1-AC7D-D005-DC10-EE4D49223F40}.Release|Any CPU.Build.0 = Release|Any CPU
		{AA1A93EF-CDD0-C68F-4AE3-CFD9182C6283}.Debug|Any CPU.ActiveCfg = Debug|Any CPU
		{AA1A93EF-CDD0-C68F-4AE3-CFD9182C6283}.Debug|Any CPU.Build.0 = Debug|Any CPU
		{AA1A93EF-CDD0-C68F-4AE3-CFD9182C6283}.Release|Any CPU.ActiveCfg = Release|Any CPU
		{AA1A93EF-CDD0-C68F-4AE3-CFD9182C6283}.Release|Any CPU.Build.0 = Release|Any CPU
		{BD921784-D015-9D93-1385-976E3758F41D}.Debug|Any CPU.ActiveCfg = Debug|Any CPU
		{BD921784-D015-9D93-1385-976E3758F41D}.Debug|Any CPU.Build.0 = Debug|Any CPU
		{BD921784-D015-9D93-1385-976E3758F41D}.Release|Any CPU.ActiveCfg = Release|Any CPU
		{BD921784-D015-9D93-1385-976E3758F41D}.Release|Any CPU.Build.0 = Release|Any CPU
		{CE1164A5-6F3D-F398-CDD8-C3D59C77695B}.Debug|Any CPU.ActiveCfg = Debug|Any CPU
		{CE1164A5-6F3D-F398-CDD8-C3D59C77695B}.Debug|Any CPU.Build.0 = Debug|Any CPU
		{CE1164A5-6F3D-F398-CDD8-C3D59C77695B}.Release|Any CPU.ActiveCfg = Release|Any CPU
		{CE1164A5-6F3D-F398-CDD8-C3D59C77695B}.Release|Any CPU.Build.0 = Release|Any CPU
		{8699C568-96C9-042D-EE37-0FA508219B40}.Debug|Any CPU.ActiveCfg = Debug|Any CPU
		{8699C568-96C9-042D-EE37-0FA508219B40}.Debug|Any CPU.Build.0 = Debug|Any CPU
		{8699C568-96C9-042D-EE37-0FA508219B40}.Release|Any CPU.ActiveCfg = Release|Any CPU
		{8699C568-96C9-042D-EE37-0FA508219B40}.Release|Any CPU.Build.0 = Release|Any CPU
		{6C9C6EC8-F71C-978E-C2FF-7327EED3FAE3}.Debug|Any CPU.ActiveCfg = Debug|Any CPU
		{6C9C6EC8-F71C-978E-C2FF-7327EED3FAE3}.Debug|Any CPU.Build.0 = Debug|Any CPU
		{6C9C6EC8-F71C-978E-C2FF-7327EED3FAE3}.Release|Any CPU.ActiveCfg = Release|Any CPU
		{6C9C6EC8-F71C-978E-C2FF-7327EED3FAE3}.Release|Any CPU.Build.0 = Release|Any CPU
		{424B5F26-B9A3-6AF5-2B6C-A1962C4B18FD}.Debug|Any CPU.ActiveCfg = Debug|Any CPU
		{424B5F26-B9A3-6AF5-2B6C-A1962C4B18FD}.Debug|Any CPU.Build.0 = Debug|Any CPU
		{424B5F26-B9A3-6AF5-2B6C-A1962C4B18FD}.Release|Any CPU.ActiveCfg = Release|Any CPU
		{424B5F26-B9A3-6AF5-2B6C-A1962C4B18FD}.Release|Any CPU.Build.0 = Release|Any CPU
		{B904067E-ABEA-BAEA-43DF-8701912E5260}.Debug|Any CPU.ActiveCfg = Debug|Any CPU
		{B904067E-ABEA-BAEA-43DF-8701912E5260}.Debug|Any CPU.Build.0 = Debug|Any CPU
		{B904067E-ABEA-BAEA-43DF-8701912E5260}.Release|Any CPU.ActiveCfg = Release|Any CPU
		{B904067E-ABEA-BAEA-43DF-8701912E5260}.Release|Any CPU.Build.0 = Release|Any CPU
		{8F85EA53-F403-D485-ABB4-1826AA92221A}.Debug|Any CPU.ActiveCfg = Debug|Any CPU
		{8F85EA53-F403-D485-ABB4-1826AA92221A}.Debug|Any CPU.Build.0 = Debug|Any CPU
		{8F85EA53-F403-D485-ABB4-1826AA92221A}.Release|Any CPU.ActiveCfg = Release|Any CPU
		{8F85EA53-F403-D485-ABB4-1826AA92221A}.Release|Any CPU.Build.0 = Release|Any CPU
	EndGlobalSection
	GlobalSection(SolutionProperties) = preSolution
		HideSolutionNode = FALSE
	EndGlobalSection
EndGlobal
